{
  "name": "fixture",
  "version": "1.0.0",
  "lockfileVersion": 3,
  "requires": true,
  "packages": {
    "": {
      "name": "fixture",
      "version": "1.0.0"
    },
    "node_modules/left-pad": {
      "version": "1.3.0",
      "resolved": "http://evil.test/other/-/other-1.3.0.tgz",
      "integrity": "sha1-abc"
    }
  }
}
