lockfileVersion: '9.0'

settings:
  autoInstallPeers: true
  excludeLinksFromLockfile: false

importers:
  .:
    dependencies:
      left-pad:
        specifier: 1.3.0
        version: 1.3.0

packages:
  left-pad@1.3.0:
    resolution: {integrity: sha512-abc=, tarball: https://registry.npmjs.org/left-pad/-/left-pad-1.3.0.tgz}
    deprecated: use String.prototype.padStart()

snapshots:
  left-pad@1.3.0: {}
